
Microsoft Visual Studio Solution File, Format Version 12.00
# Visual Studio 14
VisualStudioVersion = 14.0.25420.1
MinimumVisualStudioVersion = 10.0.40219.1
Project("{2150E333-8FDC-42A3-9474-1A3956D46DE8}") = "UnitTest", "UnitTest", "{0CB2828B-A185-4A48-A598-CFA182A794C7}"
EndProject
Project("{2150E333-8FDC-42A3-9474-1A3956D46DE8}") = "libs", "libs", "{003F150C-C12C-45BF-880E-5A14465B80AC}"
EndProject
Project("{2150E333-8FDC-42A3-9474-1A3956D46DE8}") = "ThirdPartLibs", "ThirdPartLibs", "{8B26AAAC-E9B5-4ED1-A620-830783C46E18}"
EndProject
Project("{8BC9CEB8-8B4A-11D0-8D11-00A0C91BC942}") = "Excel", "Excel\Excel.vcxproj", "{6DF39D28-5907-4706-958E-0FC31502576E}"
EndProject
Project("{8BC9CEB8-8B4A-11D0-8D11-00A0C91BC942}") = "SystemExplorer", "SystemExplorer\SystemExplorer.vcxproj", "{383B6936-A825-4D4A-AE0C-2E39641CCF5F}"
EndProject
Project("{8BC9CEB8-8B4A-11D0-8D11-00A0C91BC942}") = "UT_SystemExplorer", "SystemExplorer\UT_SystemExplorer.vcxproj", "{E57FB11C-A4C5-4D4A-970D-D63A5013B7EC}"
	ProjectSection(ProjectDependencies) = postProject
		{ABACD80F-2804-471C-9A98-E433C33FCA85} = {ABACD80F-2804-471C-9A98-E433C33FCA85}
		{383B6936-A825-4D4A-AE0C-2E39641CCF5F} = {383B6936-A825-4D4A-AE0C-2E39641CCF5F}
	EndProjectSection
EndProject
Project("{8BC9CEB8-8B4A-11D0-8D11-00A0C91BC942}") = "UT_Excel", "Excel\UT_Excel.vcxproj", "{52EDA858-5B84-41A8-A973-BCA3255FB8AC}"
	ProjectSection(ProjectDependencies) = postProject
		{ABACD80F-2804-471C-9A98-E433C33FCA85} = {ABACD80F-2804-471C-9A98-E433C33FCA85}
		{6DF39D28-5907-4706-958E-0FC31502576E} = {6DF39D28-5907-4706-958E-0FC31502576E}
	EndProjectSection
EndProject
Project("{8BC9CEB8-8B4A-11D0-8D11-00A0C91BC942}") = "MiniMPL", "..\..\..\Core\msvc\vs2015\MiniMPL\MiniMPL.vcxproj", "{9B6AEEFB-62C0-4A1D-B771-2CBAC43C652A}"
EndProject
Project("{8BC9CEB8-8B4A-11D0-8D11-00A0C91BC942}") = "OsBase", "..\..\..\Core\msvc\vs2015\OsBase\OsBase.vcxproj", "{CA603705-C41E-4248-A3E0-C5960721F591}"
EndProject
Project("{8BC9CEB8-8B4A-11D0-8D11-00A0C91BC942}") = "UnitTestKit", "..\..\..\Core\msvc\vs2015\UnitTestKit\UnitTestKit.vcxproj", "{ABACD80F-2804-471C-9A98-E433C33FCA85}"
EndProject
Global
	GlobalSection(SolutionConfigurationPlatforms) = preSolution
		Debug|Win32 = Debug|Win32
		Debug|x64 = Debug|x64
		Release|Win32 = Release|Win32
		Release|x64 = Release|x64
	EndGlobalSection
	GlobalSection(ProjectConfigurationPlatforms) = postSolution
		{6DF39D28-5907-4706-958E-0FC31502576E}.Debug|Win32.ActiveCfg = Debug|Win32
		{6DF39D28-5907-4706-958E-0FC31502576E}.Debug|Win32.Build.0 = Debug|Win32
		{6DF39D28-5907-4706-958E-0FC31502576E}.Debug|x64.ActiveCfg = Debug|Win32
		{6DF39D28-5907-4706-958E-0FC31502576E}.Release|Win32.ActiveCfg = Release|Win32
		{6DF39D28-5907-4706-958E-0FC31502576E}.Release|Win32.Build.0 = Release|Win32
		{6DF39D28-5907-4706-958E-0FC31502576E}.Release|x64.ActiveCfg = Release|Win32
		{383B6936-A825-4D4A-AE0C-2E39641CCF5F}.Debug|Win32.ActiveCfg = Debug|Win32
		{383B6936-A825-4D4A-AE0C-2E39641CCF5F}.Debug|Win32.Build.0 = Debug|Win32
		{383B6936-A825-4D4A-AE0C-2E39641CCF5F}.Debug|x64.ActiveCfg = Debug|Win32
		{383B6936-A825-4D4A-AE0C-2E39641CCF5F}.Release|Win32.ActiveCfg = Release|Win32
		{383B6936-A825-4D4A-AE0C-2E39641CCF5F}.Release|Win32.Build.0 = Release|Win32
		{383B6936-A825-4D4A-AE0C-2E39641CCF5F}.Release|x64.ActiveCfg = Release|Win32
		{E57FB11C-A4C5-4D4A-970D-D63A5013B7EC}.Debug|Win32.ActiveCfg = Debug|Win32
		{E57FB11C-A4C5-4D4A-970D-D63A5013B7EC}.Debug|Win32.Build.0 = Debug|Win32
		{E57FB11C-A4C5-4D4A-970D-D63A5013B7EC}.Debug|x64.ActiveCfg = Debug|Win32
		{E57FB11C-A4C5-4D4A-970D-D63A5013B7EC}.Release|Win32.ActiveCfg = Release|Win32
		{E57FB11C-A4C5-4D4A-970D-D63A5013B7EC}.Release|Win32.Build.0 = Release|Win32
		{E57FB11C-A4C5-4D4A-970D-D63A5013B7EC}.Release|x64.ActiveCfg = Release|Win32
		{52EDA858-5B84-41A8-A973-BCA3255FB8AC}.Debug|Win32.ActiveCfg = Debug|Win32
		{52EDA858-5B84-41A8-A973-BCA3255FB8AC}.Debug|Win32.Build.0 = Debug|Win32
		{52EDA858-5B84-41A8-A973-BCA3255FB8AC}.Debug|x64.ActiveCfg = Debug|Win32
		{52EDA858-5B84-41A8-A973-BCA3255FB8AC}.Release|Win32.ActiveCfg = Release|Win32
		{52EDA858-5B84-41A8-A973-BCA3255FB8AC}.Release|Win32.Build.0 = Release|Win32
		{52EDA858-5B84-41A8-A973-BCA3255FB8AC}.Release|x64.ActiveCfg = Release|Win32
		{9B6AEEFB-62C0-4A1D-B771-2CBAC43C652A}.Debug|Win32.ActiveCfg = Debug|Win32
		{9B6AEEFB-62C0-4A1D-B771-2CBAC43C652A}.Debug|Win32.Build.0 = Debug|Win32
		{9B6AEEFB-62C0-4A1D-B771-2CBAC43C652A}.Debug|x64.ActiveCfg = Debug|Win32
		{9B6AEEFB-62C0-4A1D-B771-2CBAC43C652A}.Release|Win32.ActiveCfg = Release|Win32
		{9B6AEEFB-62C0-4A1D-B771-2CBAC43C652A}.Release|Win32.Build.0 = Release|Win32
		{9B6AEEFB-62C0-4A1D-B771-2CBAC43C652A}.Release|x64.ActiveCfg = Release|Win32
		{CA603705-C41E-4248-A3E0-C5960721F591}.Debug|Win32.ActiveCfg = Debug|Win32
		{CA603705-C41E-4248-A3E0-C5960721F591}.Debug|Win32.Build.0 = Debug|Win32
		{CA603705-C41E-4248-A3E0-C5960721F591}.Debug|x64.ActiveCfg = Debug|Win32
		{CA603705-C41E-4248-A3E0-C5960721F591}.Release|Win32.ActiveCfg = Release|Win32
		{CA603705-C41E-4248-A3E0-C5960721F591}.Release|Win32.Build.0 = Release|Win32
		{CA603705-C41E-4248-A3E0-C5960721F591}.Release|x64.ActiveCfg = Release|Win32
		{ABACD80F-2804-471C-9A98-E433C33FCA85}.Debug|Win32.ActiveCfg = Debug|Win32
		{ABACD80F-2804-471C-9A98-E433C33FCA85}.Debug|Win32.Build.0 = Debug|Win32
		{ABACD80F-2804-471C-9A98-E433C33FCA85}.Debug|x64.ActiveCfg = Debug|Win32
		{ABACD80F-2804-471C-9A98-E433C33FCA85}.Release|Win32.ActiveCfg = Release|Win32
		{ABACD80F-2804-471C-9A98-E433C33FCA85}.Release|Win32.Build.0 = Release|Win32
		{ABACD80F-2804-471C-9A98-E433C33FCA85}.Release|x64.ActiveCfg = Release|Win32
	EndGlobalSection
	GlobalSection(SolutionProperties) = preSolution
		HideSolutionNode = FALSE
	EndGlobalSection
	GlobalSection(NestedProjects) = preSolution
		{6DF39D28-5907-4706-958E-0FC31502576E} = {003F150C-C12C-45BF-880E-5A14465B80AC}
		{383B6936-A825-4D4A-AE0C-2E39641CCF5F} = {003F150C-C12C-45BF-880E-5A14465B80AC}
		{E57FB11C-A4C5-4D4A-970D-D63A5013B7EC} = {0CB2828B-A185-4A48-A598-CFA182A794C7}
		{52EDA858-5B84-41A8-A973-BCA3255FB8AC} = {0CB2828B-A185-4A48-A598-CFA182A794C7}
		{9B6AEEFB-62C0-4A1D-B771-2CBAC43C652A} = {8B26AAAC-E9B5-4ED1-A620-830783C46E18}
		{CA603705-C41E-4248-A3E0-C5960721F591} = {8B26AAAC-E9B5-4ED1-A620-830783C46E18}
		{ABACD80F-2804-471C-9A98-E433C33FCA85} = {8B26AAAC-E9B5-4ED1-A620-830783C46E18}
	EndGlobalSection
EndGlobal
