<?xml version="1.0" encoding="utf-8"?>
<Project ToolsVersion="4.0" xmlns="http://schemas.microsoft.com/developer/msbuild/2003">
  <ItemGroup>
    <Filter Include="src">
      <UniqueIdentifier>{4FC737F1-C7A5-4376-A066-2A32D752A2FF}</UniqueIdentifier>
      <Extensions>cpp;c;cc;cxx;def;odl;idl;hpj;bat;asm;asmx</Extensions>
    </Filter>
  </ItemGroup>
  <ItemGroup>
    <ClCompile Include="..\..\..\sources\UnitTest\UT_SystemExplorer\src\tc_HoverWindowMonitor.cpp">
      <Filter>src</Filter>
    </ClCompile>
    <ClCompile Include="..\..\..\sources\UnitTest\UT_SystemExplorer\src\tc_PEFileExplorer.cpp">
      <Filter>src</Filter>
    </ClCompile>
    <ClCompile Include="..\..\..\sources\UnitTest\UT_SystemExplorer\src\tc_ProcessExplorer.cpp">
      <Filter>src</Filter>
    </ClCompile>
    <ClCompile Include="..\..\..\sources\UnitTest\UT_SystemExplorer\src\tc_StackExplorer.cpp">
      <Filter>src</Filter>
    </ClCompile>
    <ClCompile Include="..\..\..\sources\UnitTest\UT_SystemExplorer\src\tc_WindowExplorer.cpp">
      <Filter>src</Filter>
    </ClCompile>
    <ClCompile Include="..\..\..\sources\UnitTest\UT_SystemExplorer\UT_SystemExplorer.cpp">
      <Filter>src</Filter>
    </ClCompile>
    <ClCompile Include="..\..\..\sources\UnitTest\UT_SystemExplorer\src\tc_exceptionhelper.cpp">
      <Filter>src</Filter>
    </ClCompile>
    <ClCompile Include="..\..\..\sources\UnitTest\UT_SystemExplorer\src\tc_functionhook.cpp">
      <Filter>src</Filter>
    </ClCompile>
    <ClCompile Include="..\..\..\sources\UnitTest\UT_SystemExplorer\src\tc_functionhook_material.cpp">
      <Filter>src</Filter>
    </ClCompile>
  </ItemGroup>
  <ItemGroup>
    <ClInclude Include="..\..\..\sources\UnitTest\UT_SystemExplorer\testconfig_SystemExplorer.h" />
    <ClInclude Include="..\..\..\sources\UnitTest\UT_SystemExplorer\src\tc_functionhook_material.h">
      <Filter>src</Filter>
    </ClInclude>
  </ItemGroup>
</Project>